
Microsoft Visual Studio Solution File, Format Version 12.00
# Visual Studio Version 16
VisualStudioVersion = 16.0.31129.286
MinimumVisualStudioVersion = 10.0.40219.1
Project("{FAE04EC0-301F-11D3-BF4B-00C04F79EFBC}") = "PinkRoccade", "PinkRoccade\PinkRoccade.csproj", "{7529716E-6715-407C-BEC3-2657D4520861}"
EndProject
Project("{FAE04EC0-301F-11D3-BF4B-00C04F79EFBC}") = "PinkRoccade.BS", "PinkRoccade.BS\PinkRoccade.BS.csproj", "{4B367313-B491-44A2-94AF-0FE3A6C6ED1A}"
EndProject
Global
	GlobalSection(SolutionConfigurationPlatforms) = preSolution
		Debug|Any CPU = Debug|Any CPU
		Release|Any CPU = Release|Any CPU
	EndGlobalSection
	GlobalSection(ProjectConfigurationPlatforms) = postSolution
		{7529716E-6715-407C-BEC3-2657D4520861}.Debug|Any CPU.ActiveCfg = Debug|Any CPU
		{7529716E-6715-407C-BEC3-2657D4520861}.Debug|Any CPU.Build.0 = Debug|Any CPU
		{7529716E-6715-407C-BEC3-2657D4520861}.Release|Any CPU.ActiveCfg = Release|Any CPU
		{7529716E-6715-407C-BEC3-2657D4520861}.Release|Any CPU.Build.0 = Release|Any CPU
		{4B367313-B491-44A2-94AF-0FE3A6C6ED1A}.Debug|Any CPU.ActiveCfg = Debug|Any CPU
		{4B367313-B491-44A2-94AF-0FE3A6C6ED1A}.Debug|Any CPU.Build.0 = Debug|Any CPU
		{4B367313-B491-44A2-94AF-0FE3A6C6ED1A}.Release|Any CPU.ActiveCfg = Release|Any CPU
		{4B367313-B491-44A2-94AF-0FE3A6C6ED1A}.Release|Any CPU.Build.0 = Release|Any CPU
	EndGlobalSection
	GlobalSection(SolutionProperties) = preSolution
		HideSolutionNode = FALSE
	EndGlobalSection
	GlobalSection(ExtensibilityGlobals) = postSolution
		SolutionGuid = {429D033D-69EF-498E-A965-E867D9C70483}
	EndGlobalSection
EndGlobal
